// !$*UTF8*$!
{
	archiveVersion = 1;
	classes = {
	};
	objectVersion = 50;
	objects = {

/* Begin PBXBuildFile section */
		FC2F1BF7244E4A21009CB33B /* AnimalModel.swift in Sources */ = {isa = PBXBuildFile; fileRef = FC2F1BF6244E4A21009CB33B /* AnimalModel.swift */; };
		FC2F1BFE244E55C8009CB33B /* SortCell.swift in Sources */ = {isa = PBXBuildFile; fileRef = FC2F1BFC244E55C8009CB33B /* SortCell.swift */; };
		FC2F1BFF244E55C8009CB33B /* SortCell.xib in Resources */ = {isa = PBXBuildFile; fileRef = FC2F1BFD244E55C8009CB33B /* SortCell.xib */; };
		FC9B4195244D1B8400DDBEE8 /* AppDelegate.swift in Sources */ = {isa = PBXBuildFile; fileRef = FC9B4194244D1B8400DDBEE8 /* AppDelegate.swift */; };
		FC9B4197244D1B8400DDBEE8 /* SceneDelegate.swift in Sources */ = {isa = PBXBuildFile; fileRef = FC9B4196244D1B8400DDBEE8 /* SceneDelegate.swift */; };
		FC9B4199244D1B8400DDBEE8 /* ViewController.swift in Sources */ = {isa = PBXBuildFile; fileRef = FC9B4198244D1B8400DDBEE8 /* ViewController.swift */; };
		FC9B419C244D1B8400DDBEE8 /* Main.storyboard in Resources */ = {isa = PBXBuildFile; fileRef = FC9B419A244D1B8400DDBEE8 /* Main.storyboard */; };
		FC9B419E244D1B8500DDBEE8 /* Assets.xcassets in Resources */ = {isa = PBXBuildFile; fileRef = FC9B419D244D1B8500DDBEE8 /* Assets.xcassets */; };
		FC9B41A1244D1B8500DDBEE8 /* LaunchScreen.storyboard in Resources */ = {isa = PBXBuildFile; fileRef = FC9B419F244D1B8500DDBEE8 /* LaunchScreen.storyboard */; };
		FC9B41B6244DE39900DDBEE8 /* BottomSheetViewController.swift in Sources */ = {isa = PBXBuildFile; fileRef = FC9B41B4244DE39900DDBEE8 /* BottomSheetViewController.swift */; };
		FC9B41B7244DE39900DDBEE8 /* BottomSheetSort.xib in Resources */ = {isa = PBXBuildFile; fileRef = FC9B41B5244DE39900DDBEE8 /* BottomSheetSort.xib */; };
		FC9B41B9244E387D00DDBEE8 /* BottomSheetSort.swift in Sources */ = {isa = PBXBuildFile; fileRef = FC9B41B8244E387D00DDBEE8 /* BottomSheetSort.swift */; };
		FC9B41C0244E3DA700DDBEE8 /* BottomSheetFilter.swift in Sources */ = {isa = PBXBuildFile; fileRef = FC9B41BE244E3DA700DDBEE8 /* BottomSheetFilter.swift */; };
		FC9B41C1244E3DA700DDBEE8 /* BottomSheetFilter.xib in Resources */ = {isa = PBXBuildFile; fileRef = FC9B41BF244E3DA700DDBEE8 /* BottomSheetFilter.xib */; };
/* End PBXBuildFile section */

/* Begin PBXFileReference section */
		FC2F1BF6244E4A21009CB33B /* AnimalModel.swift */ = {isa = PBXFileReference; lastKnownFileType = sourcecode.swift; path = AnimalModel.swift; sourceTree = "<group>"; };
		FC2F1BFC244E55C8009CB33B /* SortCell.swift */ = {isa = PBXFileReference; lastKnownFileType = sourcecode.swift; path = SortCell.swift; sourceTree = "<group>"; };
		FC2F1BFD244E55C8009CB33B /* SortCell.xib */ = {isa = PBXFileReference; lastKnownFileType = file.xib; path = SortCell.xib; sourceTree = "<group>"; };
		FC9B4191244D1B8400DDBEE8 /* CustomBottomSheet.app */ = {isa = PBXFileReference; explicitFileType = wrapper.application; includeInIndex = 0; path = CustomBottomSheet.app; sourceTree = BUILT_PRODUCTS_DIR; };
		FC9B4194244D1B8400DDBEE8 /* AppDelegate.swift */ = {isa = PBXFileReference; lastKnownFileType = sourcecode.swift; path = AppDelegate.swift; sourceTree = "<group>"; };
		FC9B4196244D1B8400DDBEE8 /* SceneDelegate.swift */ = {isa = PBXFileReference; lastKnownFileType = sourcecode.swift; path = SceneDelegate.swift; sourceTree = "<group>"; };
		FC9B4198244D1B8400DDBEE8 /* ViewController.swift */ = {isa = PBXFileReference; lastKnownFileType = sourcecode.swift; path = ViewController.swift; sourceTree = "<group>"; };
		FC9B419B244D1B8400DDBEE8 /* Base */ = {isa = PBXFileReference; lastKnownFileType = file.storyboard; name = Base; path = Base.lproj/Main.storyboard; sourceTree = "<group>"; };
		FC9B419D244D1B8500DDBEE8 /* Assets.xcassets */ = {isa = PBXFileReference; lastKnownFileType = folder.assetcatalog; path = Assets.xcassets; sourceTree = "<group>"; };
		FC9B41A0244D1B8500DDBEE8 /* Base */ = {isa = PBXFileReference; lastKnownFileType = file.storyboard; name = Base; path = Base.lproj/LaunchScreen.storyboard; sourceTree = "<group>"; };
		FC9B41A2244D1B8500DDBEE8 /* Info.plist */ = {isa = PBXFileReference; lastKnownFileType = text.plist.xml; path = Info.plist; sourceTree = "<group>"; };
		FC9B41B4244DE39900DDBEE8 /* BottomSheetViewController.swift */ = {isa = PBXFileReference; lastKnownFileType = sourcecode.swift; path = BottomSheetViewController.swift; sourceTree = "<group>"; };
		FC9B41B5244DE39900DDBEE8 /* BottomSheetSort.xib */ = {isa = PBXFileReference; lastKnownFileType = file.xib; path = BottomSheetSort.xib; sourceTree = "<group>"; };
		FC9B41B8244E387D00DDBEE8 /* BottomSheetSort.swift */ = {isa = PBXFileReference; lastKnownFileType = sourcecode.swift; path = BottomSheetSort.swift; sourceTree = "<group>"; };
		FC9B41BE244E3DA700DDBEE8 /* BottomSheetFilter.swift */ = {isa = PBXFileReference; lastKnownFileType = sourcecode.swift; path = BottomSheetFilter.swift; sourceTree = "<group>"; };
		FC9B41BF244E3DA700DDBEE8 /* BottomSheetFilter.xib */ = {isa = PBXFileReference; lastKnownFileType = file.xib; path = BottomSheetFilter.xib; sourceTree = "<group>"; };
/* End PBXFileReference section */

/* Begin PBXFrameworksBuildPhase section */
		FC9B418E244D1B8400DDBEE8 /* Frameworks */ = {
			isa = PBXFrameworksBuildPhase;
			buildActionMask = 2147483647;
			files = (
			);
			runOnlyForDeploymentPostprocessing = 0;
		};
/* End PBXFrameworksBuildPhase section */

/* Begin PBXGroup section */
		FC9B4188244D1B8400DDBEE8 = {
			isa = PBXGroup;
			children = (
				FC9B4193244D1B8400DDBEE8 /* CustomBottomSheet */,
				FC9B4192244D1B8400DDBEE8 /* Products */,
			);
			sourceTree = "<group>";
		};
		FC9B4192244D1B8400DDBEE8 /* Products */ = {
			isa = PBXGroup;
			children = (
				FC9B4191244D1B8400DDBEE8 /* CustomBottomSheet.app */,
			);
			name = Products;
			sourceTree = "<group>";
		};
		FC9B4193244D1B8400DDBEE8 /* CustomBottomSheet */ = {
			isa = PBXGroup;
			children = (
				FC9B41BD244E38F500DDBEE8 /* CustomViews */,
				FC9B41BC244E38C200DDBEE8 /* Model */,
				FC9B41BB244E38BC00DDBEE8 /* View */,
				FC9B41BA244E38B300DDBEE8 /* Controller */,
				FC9B4194244D1B8400DDBEE8 /* AppDelegate.swift */,
				FC9B4196244D1B8400DDBEE8 /* SceneDelegate.swift */,
				FC9B419D244D1B8500DDBEE8 /* Assets.xcassets */,
				FC9B419F244D1B8500DDBEE8 /* LaunchScreen.storyboard */,
				FC9B41A2244D1B8500DDBEE8 /* Info.plist */,
			);
			path = CustomBottomSheet;
			sourceTree = "<group>";
		};
		FC9B41BA244E38B300DDBEE8 /* Controller */ = {
			isa = PBXGroup;
			children = (
				FC9B4198244D1B8400DDBEE8 /* ViewController.swift */,
			);
			path = Controller;
			sourceTree = "<group>";
		};
		FC9B41BB244E38BC00DDBEE8 /* View */ = {
			isa = PBXGroup;
			children = (
				FC9B419A244D1B8400DDBEE8 /* Main.storyboard */,
				FC9B41B8244E387D00DDBEE8 /* BottomSheetSort.swift */,
				FC9B41B5244DE39900DDBEE8 /* BottomSheetSort.xib */,
				FC9B41BE244E3DA700DDBEE8 /* BottomSheetFilter.swift */,
				FC9B41BF244E3DA700DDBEE8 /* BottomSheetFilter.xib */,
				FC2F1BFC244E55C8009CB33B /* SortCell.swift */,
				FC2F1BFD244E55C8009CB33B /* SortCell.xib */,
			);
			path = View;
			sourceTree = "<group>";
		};
		FC9B41BC244E38C200DDBEE8 /* Model */ = {
			isa = PBXGroup;
			children = (
				FC2F1BF6244E4A21009CB33B /* AnimalModel.swift */,
			);
			path = Model;
			sourceTree = "<group>";
		};
		FC9B41BD244E38F500DDBEE8 /* CustomViews */ = {
			isa = PBXGroup;
			children = (
				FC9B41B4244DE39900DDBEE8 /* BottomSheetViewController.swift */,
			);
			path = CustomViews;
			sourceTree = "<group>";
		};
/* End PBXGroup section */

/* Begin PBXNativeTarget section */
		FC9B4190244D1B8400DDBEE8 /* CustomBottomSheet */ = {
			isa = PBXNativeTarget;
			buildConfigurationList = FC9B41A5244D1B8500DDBEE8 /* Build configuration list for PBXNativeTarget "CustomBottomSheet" */;
			buildPhases = (
				FC9B418D244D1B8400DDBEE8 /* Sources */,
				FC9B418E244D1B8400DDBEE8 /* Frameworks */,
				FC9B418F244D1B8400DDBEE8 /* Resources */,
			);
			buildRules = (
			);
			dependencies = (
			);
			name = CustomBottomSheet;
			productName = CustomBottomSheet;
			productReference = FC9B4191244D1B8400DDBEE8 /* CustomBottomSheet.app */;
			productType = "com.apple.product-type.application";
		};
/* End PBXNativeTarget section */

/* Begin PBXProject section */
		FC9B4189244D1B8400DDBEE8 /* Project object */ = {
			isa = PBXProject;
			attributes = {
				LastSwiftUpdateCheck = 1140;
				LastUpgradeCheck = 1140;
				ORGANIZATIONNAME = omrobbie;
				TargetAttributes = {
					FC9B4190244D1B8400DDBEE8 = {
						CreatedOnToolsVersion = 11.4.1;
					};
				};
			};
			buildConfigurationList = FC9B418C244D1B8400DDBEE8 /* Build configuration list for PBXProject "CustomBottomSheet" */;
			compatibilityVersion = "Xcode 9.3";
			developmentRegion = en;
			hasScannedForEncodings = 0;
			knownRegions = (
				en,
				Base,
			);
			mainGroup = FC9B4188244D1B8400DDBEE8;
			productRefGroup = FC9B4192244D1B8400DDBEE8 /* Products */;
			projectDirPath = "";
			projectRoot = "";
			targets = (
				FC9B4190244D1B8400DDBEE8 /* CustomBottomSheet */,
			);
		};
/* End PBXProject section */

/* Begin PBXResourcesBuildPhase section */
		FC9B418F244D1B8400DDBEE8 /* Resources */ = {
			isa = PBXResourcesBuildPhase;
			buildActionMask = 2147483647;
			files = (
				FC9B41A1244D1B8500DDBEE8 /* LaunchScreen.storyboard in Resources */,
				FC9B419E244D1B8500DDBEE8 /* Assets.xcassets in Resources */,
				FC9B419C244D1B8400DDBEE8 /* Main.storyboard in Resources */,
				FC9B41C1244E3DA700DDBEE8 /* BottomSheetFilter.xib in Resources */,
				FC9B41B7244DE39900DDBEE8 /* BottomSheetSort.xib in Resources */,
				FC2F1BFF244E55C8009CB33B /* SortCell.xib in Resources */,
			);
			runOnlyForDeploymentPostprocessing = 0;
		};
/* End PBXResourcesBuildPhase section */

/* Begin PBXSourcesBuildPhase section */
		FC9B418D244D1B8400DDBEE8 /* Sources */ = {
			isa = PBXSourcesBuildPhase;
			buildActionMask = 2147483647;
			files = (
				FC9B4199244D1B8400DDBEE8 /* ViewController.swift in Sources */,
				FC2F1BFE244E55C8009CB33B /* SortCell.swift in Sources */,
				FC2F1BF7244E4A21009CB33B /* AnimalModel.swift in Sources */,
				FC9B4195244D1B8400DDBEE8 /* AppDelegate.swift in Sources */,
				FC9B41C0244E3DA700DDBEE8 /* BottomSheetFilter.swift in Sources */,
				FC9B4197244D1B8400DDBEE8 /* SceneDelegate.swift in Sources */,
				FC9B41B6244DE39900DDBEE8 /* BottomSheetViewController.swift in Sources */,
				FC9B41B9244E387D00DDBEE8 /* BottomSheetSort.swift in Sources */,
			);
			runOnlyForDeploymentPostprocessing = 0;
		};
/* End PBXSourcesBuildPhase section */

/* Begin PBXVariantGroup section */
		FC9B419A244D1B8400DDBEE8 /* Main.storyboard */ = {
			isa = PBXVariantGroup;
			children = (
				FC9B419B244D1B8400DDBEE8 /* Base */,
			);
			name = Main.storyboard;
			sourceTree = "<group>";
		};
		FC9B419F244D1B8500DDBEE8 /* LaunchScreen.storyboard */ = {
			isa = PBXVariantGroup;
			children = (
				FC9B41A0244D1B8500DDBEE8 /* Base */,
			);
			name = LaunchScreen.storyboard;
			sourceTree = "<group>";
		};
/* End PBXVariantGroup section */

/* Begin XCBuildConfiguration section */
		FC9B41A3244D1B8500DDBEE8 /* Debug */ = {
			isa = XCBuildConfiguration;
			buildSettings = {
				ALWAYS_SEARCH_USER_PATHS = NO;
				CLANG_ANALYZER_NONNULL = YES;
				CLANG_ANALYZER_NUMBER_OBJECT_CONVERSION = YES_AGGRESSIVE;
				CLANG_CXX_LANGUAGE_STANDARD = "gnu++14";
				CLANG_CXX_LIBRARY = "libc++";
				CLANG_ENABLE_MODULES = YES;
				CLANG_ENABLE_OBJC_ARC = YES;
				CLANG_ENABLE_OBJC_WEAK = YES;
				CLANG_WARN_BLOCK_CAPTURE_AUTORELEASING = YES;
				CLANG_WARN_BOOL_CONVERSION = YES;
				CLANG_WARN_COMMA = YES;
				CLANG_WARN_CONSTANT_CONVERSION = YES;
				CLANG_WARN_DEPRECATED_OBJC_IMPLEMENTATIONS = YES;
				CLANG_WARN_DIRECT_OBJC_ISA_USAGE = YES_ERROR;
				CLANG_WARN_DOCUMENTATION_COMMENTS = YES;
				CLANG_WARN_EMPTY_BODY = YES;
				CLANG_WARN_ENUM_CONVERSION = YES;
				CLANG_WARN_INFINITE_RECURSION = YES;
				CLANG_WARN_INT_CONVERSION = YES;
				CLANG_WARN_NON_LITERAL_NULL_CONVERSION = YES;
				CLANG_WARN_OBJC_IMPLICIT_RETAIN_SELF = YES;
				CLANG_WARN_OBJC_LITERAL_CONVERSION = YES;
				CLANG_WARN_OBJC_ROOT_CLASS = YES_ERROR;
				CLANG_WARN_RANGE_LOOP_ANALYSIS = YES;
				CLANG_WARN_STRICT_PROTOTYPES = YES;
				CLANG_WARN_SUSPICIOUS_MOVE = YES;
				CLANG_WARN_UNGUARDED_AVAILABILITY = YES_AGGRESSIVE;
				CLANG_WARN_UNREACHABLE_CODE = YES;
				CLANG_WARN__DUPLICATE_METHOD_MATCH = YES;
				COPY_PHASE_STRIP = NO;
				DEBUG_INFORMATION_FORMAT = dwarf;
				ENABLE_STRICT_OBJC_MSGSEND = YES;
				ENABLE_TESTABILITY = YES;
				GCC_C_LANGUAGE_STANDARD = gnu11;
				GCC_DYNAMIC_NO_PIC = NO;
				GCC_NO_COMMON_BLOCKS = YES;
				GCC_OPTIMIZATION_LEVEL = 0;
				GCC_PREPROCESSOR_DEFINITIONS = (
					"DEBUG=1",
					"$(inherited)",
				);
				GCC_WARN_64_TO_32_BIT_CONVERSION = YES;
				GCC_WARN_ABOUT_RETURN_TYPE = YES_ERROR;
				GCC_WARN_UNDECLARED_SELECTOR = YES;
				GCC_WARN_UNINITIALIZED_AUTOS = YES_AGGRESSIVE;
				GCC_WARN_UNUSED_FUNCTION = YES;
				GCC_WARN_UNUSED_VARIABLE = YES;
				IPHONEOS_DEPLOYMENT_TARGET = 13.4;
				MTL_ENABLE_DEBUG_INFO = INCLUDE_SOURCE;
				MTL_FAST_MATH = YES;
				ONLY_ACTIVE_ARCH = YES;
				SDKROOT = iphoneos;
				SWIFT_ACTIVE_COMPILATION_CONDITIONS = DEBUG;
				SWIFT_OPTIMIZATION_LEVEL = "-Onone";
			};
			name = Debug;
		};
		FC9B41A4244D1B8500DDBEE8 /* Release */ = {
			isa = XCBuildConfiguration;
			buildSettings = {
				ALWAYS_SEARCH_USER_PATHS = NO;
				CLANG_ANALYZER_NONNULL = YES;
				CLANG_ANALYZER_NUMBER_OBJECT_CONVERSION = YES_AGGRESSIVE;
				CLANG_CXX_LANGUAGE_STANDARD = "gnu++14";
				CLANG_CXX_LIBRARY = "libc++";
				CLANG_ENABLE_MODULES = YES;
				CLANG_ENABLE_OBJC_ARC = YES;
				CLANG_ENABLE_OBJC_WEAK = YES;
				CLANG_WARN_BLOCK_CAPTURE_AUTORELEASING = YES;
				CLANG_WARN_BOOL_CONVERSION = YES;
				CLANG_WARN_COMMA = YES;
				CLANG_WARN_CONSTANT_CONVERSION = YES;
				CLANG_WARN_DEPRECATED_OBJC_IMPLEMENTATIONS = YES;
				CLANG_WARN_DIRECT_OBJC_ISA_USAGE = YES_ERROR;
				CLANG_WARN_DOCUMENTATION_COMMENTS = YES;
				CLANG_WARN_EMPTY_BODY = YES;
				CLANG_WARN_ENUM_CONVERSION = YES;
				CLANG_WARN_INFINITE_RECURSION = YES;
				CLANG_WARN_INT_CONVERSION = YES;
				CLANG_WARN_NON_LITERAL_NULL_CONVERSION = YES;
				CLANG_WARN_OBJC_IMPLICIT_RETAIN_SELF = YES;
				CLANG_WARN_OBJC_LITERAL_CONVERSION = YES;
				CLANG_WARN_OBJC_ROOT_CLASS = YES_ERROR;
				CLANG_WARN_RANGE_LOOP_ANALYSIS = YES;
				CLANG_WARN_STRICT_PROTOTYPES = YES;
				CLANG_WARN_SUSPICIOUS_MOVE = YES;
				CLANG_WARN_UNGUARDED_AVAILABILITY = YES_AGGRESSIVE;
				CLANG_WARN_UNREACHABLE_CODE = YES;
				CLANG_WARN__DUPLICATE_METHOD_MATCH = YES;
				COPY_PHASE_STRIP = NO;
				DEBUG_INFORMATION_FORMAT = "dwarf-with-dsym";
				ENABLE_NS_ASSERTIONS = NO;
				ENABLE_STRICT_OBJC_MSGSEND = YES;
				GCC_C_LANGUAGE_STANDARD = gnu11;
				GCC_NO_COMMON_BLOCKS = YES;
				GCC_WARN_64_TO_32_BIT_CONVERSION = YES;
				GCC_WARN_ABOUT_RETURN_TYPE = YES_ERROR;
				GCC_WARN_UNDECLARED_SELECTOR = YES;
				GCC_WARN_UNINITIALIZED_AUTOS = YES_AGGRESSIVE;
				GCC_WARN_UNUSED_FUNCTION = YES;
				GCC_WARN_UNUSED_VARIABLE = YES;
				IPHONEOS_DEPLOYMENT_TARGET = 13.4;
				MTL_ENABLE_DEBUG_INFO = NO;
				MTL_FAST_MATH = YES;
				SDKROOT = iphoneos;
				SWIFT_COMPILATION_MODE = wholemodule;
				SWIFT_OPTIMIZATION_LEVEL = "-O";
				VALIDATE_PRODUCT = YES;
			};
			name = Release;
		};
		FC9B41A6244D1B8500DDBEE8 /* Debug */ = {
			isa = XCBuildConfiguration;
			buildSettings = {
				ASSETCATALOG_COMPILER_APPICON_NAME = AppIcon;
				CODE_SIGN_STYLE = Automatic;
				INFOPLIST_FILE = CustomBottomSheet/Info.plist;
				LD_RUNPATH_SEARCH_PATHS = (
					"$(inherited)",
					"@executable_path/Frameworks",
				);
				PRODUCT_BUNDLE_IDENTIFIER = com.omrobbie.CustomBottomSheet;
				PRODUCT_NAME = "$(TARGET_NAME)";
				SWIFT_VERSION = 5.0;
				TARGETED_DEVICE_FAMILY = "1,2";
			};
			name = Debug;
		};
		FC9B41A7244D1B8500DDBEE8 /* Release */ = {
			isa = XCBuildConfiguration;
			buildSettings = {
				ASSETCATALOG_COMPILER_APPICON_NAME = AppIcon;
				CODE_SIGN_STYLE = Automatic;
				INFOPLIST_FILE = CustomBottomSheet/Info.plist;
				LD_RUNPATH_SEARCH_PATHS = (
					"$(inherited)",
					"@executable_path/Frameworks",
				);
				PRODUCT_BUNDLE_IDENTIFIER = com.omrobbie.CustomBottomSheet;
				PRODUCT_NAME = "$(TARGET_NAME)";
				SWIFT_VERSION = 5.0;
				TARGETED_DEVICE_FAMILY = "1,2";
			};
			name = Release;
		};
/* End XCBuildConfiguration section */

/* Begin XCConfigurationList section */
		FC9B418C244D1B8400DDBEE8 /* Build configuration list for PBXProject "CustomBottomSheet" */ = {
			isa = XCConfigurationList;
			buildConfigurations = (
				FC9B41A3244D1B8500DDBEE8 /* Debug */,
				FC9B41A4244D1B8500DDBEE8 /* Release */,
			);
			defaultConfigurationIsVisible = 0;
			defaultConfigurationName = Release;
		};
		FC9B41A5244D1B8500DDBEE8 /* Build configuration list for PBXNativeTarget "CustomBottomSheet" */ = {
			isa = XCConfigurationList;
			buildConfigurations = (
				FC9B41A6244D1B8500DDBEE8 /* Debug */,
				FC9B41A7244D1B8500DDBEE8 /* Release */,
			);
			defaultConfigurationIsVisible = 0;
			defaultConfigurationName = Release;
		};
/* End XCConfigurationList section */
	};
	rootObject = FC9B4189244D1B8400DDBEE8 /* Project object */;
}
